
Microsoft Visual Studio Solution File, Format Version 12.00
# Visual Studio Version 17
VisualStudioVersion = 17.4.33122.133
MinimumVisualStudioVersion = 10.0.40219.1
Project("{FAE04EC0-301F-11D3-BF4B-00C04F79EFBC}") = "Summary Exercise", "Summary Exercise\Summary Exercise.csproj", "{F8911E54-8253-45F5-9A4E-0BA3BE660904}"
EndProject
Global
	GlobalSection(SolutionConfigurationPlatforms) = preSolution
		Debug|Any CPU = Debug|Any CPU
		Release|Any CPU = Release|Any CPU
	EndGlobalSection
	GlobalSection(ProjectConfigurationPlatforms) = postSolution
		{F8911E54-8253-45F5-9A4E-0BA3BE660904}.Debug|Any CPU.ActiveCfg = Debug|Any CPU
		{F8911E54-8253-45F5-9A4E-0BA3BE660904}.Debug|Any CPU.Build.0 = Debug|Any CPU
		{F8911E54-8253-45F5-9A4E-0BA3BE660904}.Release|Any CPU.ActiveCfg = Release|Any CPU
		{F8911E54-8253-45F5-9A4E-0BA3BE660904}.Release|Any CPU.Build.0 = Release|Any CPU
	EndGlobalSection
	GlobalSection(SolutionProperties) = preSolution
		HideSolutionNode = FALSE
	EndGlobalSection
	GlobalSection(ExtensibilityGlobals) = postSolution
		SolutionGuid = {980B7F3E-1526-43B9-9E6C-103546677EE2}
	EndGlobalSection
EndGlobal
